
Microsoft Visual Studio Solution File, Format Version 12.00
# Visual Studio Version 16
VisualStudioVersion = 16.0.30128.36
MinimumVisualStudioVersion = 10.0.40219.1
Project("{FAE04EC0-301F-11D3-BF4B-00C04F79EFBC}") = "LotoAdatbazis", "LotoAdatbazis\LotoAdatbazis.csproj", "{2C90DEC5-0B22-47F3-9447-D0AB88BB471A}"
EndProject
Project("{54435603-DBB4-11D2-8724-00A0C9A8B90C}") = "LOTOSetup", "LOTOSetup\LOTOSetup.vdproj", "{20A17AE9-7722-4340-9AB7-2A9AD383947A}"
EndProject
Global
	GlobalSection(SolutionConfigurationPlatforms) = preSolution
		Debug|Any CPU = Debug|Any CPU
		Release|Any CPU = Release|Any CPU
	EndGlobalSection
	GlobalSection(ProjectConfigurationPlatforms) = postSolution
		{2C90DEC5-0B22-47F3-9447-D0AB88BB471A}.Debug|Any CPU.ActiveCfg = Debug|Any CPU
		{2C90DEC5-0B22-47F3-9447-D0AB88BB471A}.Debug|Any CPU.Build.0 = Debug|Any CPU
		{2C90DEC5-0B22-47F3-9447-D0AB88BB471A}.Release|Any CPU.ActiveCfg = Release|Any CPU
		{2C90DEC5-0B22-47F3-9447-D0AB88BB471A}.Release|Any CPU.Build.0 = Release|Any CPU
		{20A17AE9-7722-4340-9AB7-2A9AD383947A}.Debug|Any CPU.ActiveCfg = Debug
		{20A17AE9-7722-4340-9AB7-2A9AD383947A}.Release|Any CPU.ActiveCfg = Release
	EndGlobalSection
	GlobalSection(SolutionProperties) = preSolution
		HideSolutionNode = FALSE
	EndGlobalSection
	GlobalSection(ExtensibilityGlobals) = postSolution
		SolutionGuid = {AC3CB3EE-8ABF-46F4-B656-8AD7E4CD0056}
	EndGlobalSection
EndGlobal
